
Microsoft Visual Studio Solution File, Format Version 12.00
# Visual Studio Version 17
VisualStudioVersion = 17.0.32112.339
MinimumVisualStudioVersion = 10.0.40219.1
Project("{FAE04EC0-301F-11D3-BF4B-00C04F79EFBC}") = "KanbanApi", "KanbanApi\KanbanApi.csproj", "{B56F5892-ADC7-4B0D-A3BC-1D8945987EAD}"
EndProject
Global
	GlobalSection(SolutionConfigurationPlatforms) = preSolution
		Debug|Any CPU = Debug|Any CPU
		Release|Any CPU = Release|Any CPU
	EndGlobalSection
	GlobalSection(ProjectConfigurationPlatforms) = postSolution
		{B56F5892-ADC7-4B0D-A3BC-1D8945987EAD}.Debug|Any CPU.ActiveCfg = Debug|Any CPU
		{B56F5892-ADC7-4B0D-A3BC-1D8945987EAD}.Debug|Any CPU.Build.0 = Debug|Any CPU
		{B56F5892-ADC7-4B0D-A3BC-1D8945987EAD}.Release|Any CPU.ActiveCfg = Release|Any CPU
		{B56F5892-ADC7-4B0D-A3BC-1D8945987EAD}.Release|Any CPU.Build.0 = Release|Any CPU
	EndGlobalSection
	GlobalSection(SolutionProperties) = preSolution
		HideSolutionNode = FALSE
	EndGlobalSection
	GlobalSection(ExtensibilityGlobals) = postSolution
		SolutionGuid = {AA171D03-C125-49EA-BDD9-3DE9C32B2942}
	EndGlobalSection
EndGlobal
